
Microsoft Visual Studio Solution File, Format Version 12.00
# Visual Studio 15
VisualStudioVersion = 15.0.28010.2041
MinimumVisualStudioVersion = 10.0.40219.1
Project("{FAE04EC0-301F-11D3-BF4B-00C04F79EFBC}") = "1.WebMVC", "WebMVC\1.WebMVC.csproj", "{48792D3B-C79A-4D12-82A5-B6FD59B46A30}"
EndProject
Project("{FAE04EC0-301F-11D3-BF4B-00C04F79EFBC}") = "3.BaseDatos", "BaseDatos\3.BaseDatos.csproj", "{9B82A575-B8A8-497B-8D6F-538E0B12D9B7}"
EndProject
Project("{FAE04EC0-301F-11D3-BF4B-00C04F79EFBC}") = "2.Negocio", "Negocio\2.Negocio.csproj", "{FC732589-760F-47A3-9C08-5B0E579851EF}"
EndProject
Project("{FAE04EC0-301F-11D3-BF4B-00C04F79EFBC}") = "9.Seguridad", "Seguridad\9.Seguridad.csproj", "{86DFF3AE-1F3F-4B07-8D96-172ABEB43B17}"
EndProject
Project("{FAE04EC0-301F-11D3-BF4B-00C04F79EFBC}") = "WSPrueba", "WSPrueba\WSPrueba.csproj", "{93291731-A8E4-4595-B49E-DFA5CD46EC4B}"
EndProject
Project("{FAE04EC0-301F-11D3-BF4B-00C04F79EFBC}") = "WSPrueba2", "WSPrueba2\WSPrueba2.csproj", "{59885CAB-A569-48F5-B5F6-7E6070FD75B5}"
EndProject
Project("{FAE04EC0-301F-11D3-BF4B-00C04F79EFBC}") = "WCFPrueba", "WCFPrueba\WCFPrueba.csproj", "{480CF75F-7FD6-496C-AD0B-0127BFE3C716}"
EndProject
Project("{FAE04EC0-301F-11D3-BF4B-00C04F79EFBC}") = "Entidades", "Entidades\Entidades.csproj", "{1E57D955-7927-4CDA-8BD1-FD8358F5CA21}"
EndProject
Global
	GlobalSection(SolutionConfigurationPlatforms) = preSolution
		Debug|Any CPU = Debug|Any CPU
		Release|Any CPU = Release|Any CPU
	EndGlobalSection
	GlobalSection(ProjectConfigurationPlatforms) = postSolution
		{48792D3B-C79A-4D12-82A5-B6FD59B46A30}.Debug|Any CPU.ActiveCfg = Debug|Any CPU
		{48792D3B-C79A-4D12-82A5-B6FD59B46A30}.Debug|Any CPU.Build.0 = Debug|Any CPU
		{48792D3B-C79A-4D12-82A5-B6FD59B46A30}.Release|Any CPU.ActiveCfg = Release|Any CPU
		{48792D3B-C79A-4D12-82A5-B6FD59B46A30}.Release|Any CPU.Build.0 = Release|Any CPU
		{9B82A575-B8A8-497B-8D6F-538E0B12D9B7}.Debug|Any CPU.ActiveCfg = Debug|Any CPU
		{9B82A575-B8A8-497B-8D6F-538E0B12D9B7}.Debug|Any CPU.Build.0 = Debug|Any CPU
		{9B82A575-B8A8-497B-8D6F-538E0B12D9B7}.Release|Any CPU.ActiveCfg = Release|Any CPU
		{9B82A575-B8A8-497B-8D6F-538E0B12D9B7}.Release|Any CPU.Build.0 = Release|Any CPU
		{FC732589-760F-47A3-9C08-5B0E579851EF}.Debug|Any CPU.ActiveCfg = Debug|Any CPU
		{FC732589-760F-47A3-9C08-5B0E579851EF}.Debug|Any CPU.Build.0 = Debug|Any CPU
		{FC732589-760F-47A3-9C08-5B0E579851EF}.Release|Any CPU.ActiveCfg = Release|Any CPU
		{FC732589-760F-47A3-9C08-5B0E579851EF}.Release|Any CPU.Build.0 = Release|Any CPU
		{86DFF3AE-1F3F-4B07-8D96-172ABEB43B17}.Debug|Any CPU.ActiveCfg = Debug|Any CPU
		{86DFF3AE-1F3F-4B07-8D96-172ABEB43B17}.Debug|Any CPU.Build.0 = Debug|Any CPU
		{86DFF3AE-1F3F-4B07-8D96-172ABEB43B17}.Release|Any CPU.ActiveCfg = Release|Any CPU
		{86DFF3AE-1F3F-4B07-8D96-172ABEB43B17}.Release|Any CPU.Build.0 = Release|Any CPU
		{93291731-A8E4-4595-B49E-DFA5CD46EC4B}.Debug|Any CPU.ActiveCfg = Debug|Any CPU
		{93291731-A8E4-4595-B49E-DFA5CD46EC4B}.Debug|Any CPU.Build.0 = Debug|Any CPU
		{93291731-A8E4-4595-B49E-DFA5CD46EC4B}.Release|Any CPU.ActiveCfg = Release|Any CPU
		{93291731-A8E4-4595-B49E-DFA5CD46EC4B}.Release|Any CPU.Build.0 = Release|Any CPU
		{59885CAB-A569-48F5-B5F6-7E6070FD75B5}.Debug|Any CPU.ActiveCfg = Debug|Any CPU
		{59885CAB-A569-48F5-B5F6-7E6070FD75B5}.Debug|Any CPU.Build.0 = Debug|Any CPU
		{59885CAB-A569-48F5-B5F6-7E6070FD75B5}.Release|Any CPU.ActiveCfg = Release|Any CPU
		{59885CAB-A569-48F5-B5F6-7E6070FD75B5}.Release|Any CPU.Build.0 = Release|Any CPU
		{480CF75F-7FD6-496C-AD0B-0127BFE3C716}.Debug|Any CPU.ActiveCfg = Debug|Any CPU
		{480CF75F-7FD6-496C-AD0B-0127BFE3C716}.Debug|Any CPU.Build.0 = Debug|Any CPU
		{480CF75F-7FD6-496C-AD0B-0127BFE3C716}.Release|Any CPU.ActiveCfg = Release|Any CPU
		{480CF75F-7FD6-496C-AD0B-0127BFE3C716}.Release|Any CPU.Build.0 = Release|Any CPU
		{1E57D955-7927-4CDA-8BD1-FD8358F5CA21}.Debug|Any CPU.ActiveCfg = Debug|Any CPU
		{1E57D955-7927-4CDA-8BD1-FD8358F5CA21}.Debug|Any CPU.Build.0 = Debug|Any CPU
		{1E57D955-7927-4CDA-8BD1-FD8358F5CA21}.Release|Any CPU.ActiveCfg = Release|Any CPU
		{1E57D955-7927-4CDA-8BD1-FD8358F5CA21}.Release|Any CPU.Build.0 = Release|Any CPU
	EndGlobalSection
	GlobalSection(SolutionProperties) = preSolution
		HideSolutionNode = FALSE
	EndGlobalSection
	GlobalSection(ExtensibilityGlobals) = postSolution
		SolutionGuid = {3CBCB0C4-1ABF-41C6-99B8-B93AF1DA1089}
	EndGlobalSection
EndGlobal
